
Microsoft Visual Studio Solution File, Format Version 12.00
# Visual Studio Version 17
VisualStudioVersion = 17.5.002.0
MinimumVisualStudioVersion = 10.0.40219.1
Project("{9A19103F-16F7-4668-BE54-9A1E7A4F7556}") = "SimpleDB", "SimpleDB.csproj", "{31ECDDE4-0FF2-41E8-B86A-057BFFADED9E}"
EndProject
Global
	GlobalSection(SolutionConfigurationPlatforms) = preSolution
		Debug|Any CPU = Debug|Any CPU
		Release|Any CPU = Release|Any CPU
	EndGlobalSection
	GlobalSection(ProjectConfigurationPlatforms) = postSolution
		{31ECDDE4-0FF2-41E8-B86A-057BFFADED9E}.Debug|Any CPU.ActiveCfg = Debug|Any CPU
		{31ECDDE4-0FF2-41E8-B86A-057BFFADED9E}.Debug|Any CPU.Build.0 = Debug|Any CPU
		{31ECDDE4-0FF2-41E8-B86A-057BFFADED9E}.Release|Any CPU.ActiveCfg = Release|Any CPU
		{31ECDDE4-0FF2-41E8-B86A-057BFFADED9E}.Release|Any CPU.Build.0 = Release|Any CPU
	EndGlobalSection
	GlobalSection(SolutionProperties) = preSolution
		HideSolutionNode = FALSE
	EndGlobalSection
	GlobalSection(ExtensibilityGlobals) = postSolution
		SolutionGuid = {C0BAD875-F955-4B9C-AB09-E0697286745D}
	EndGlobalSection
EndGlobal
