
Microsoft Visual Studio Solution File, Format Version 12.00
# Visual Studio Version 17
VisualStudioVersion = 17.0.31903.59
MinimumVisualStudioVersion = 10.0.40219.1
Project("{2150E333-8FDC-42A3-9474-1A3956D46DE8}") = "test", "test", "{0B9FF8D0-AF47-4795-99AC-42B904AFBD07}"
EndProject
Project("{FAE04EC0-301F-11D3-BF4B-00C04F79EFBC}") = "Chirp.Razor.Tests", "test\Chirp.Razor.Tests\Chirp.Razor.Tests.csproj", "{6EAA5D16-9E9D-4928-988F-6D353D627515}"
EndProject
Project("{2150E333-8FDC-42A3-9474-1A3956D46DE8}") = "src", "src", "{554816A0-C1B7-4D0E-9DBB-56E5BEC854E1}"
EndProject
Project("{FAE04EC0-301F-11D3-BF4B-00C04F79EFBC}") = "Chirp.Razor", "src\Chirp.Razor\Chirp.Razor.csproj", "{EF1C5549-3FBB-47E2-A371-EDBCB1F9C85C}"
EndProject
Global
	GlobalSection(SolutionConfigurationPlatforms) = preSolution
		Debug|Any CPU = Debug|Any CPU
		Release|Any CPU = Release|Any CPU
	EndGlobalSection
	GlobalSection(SolutionProperties) = preSolution
		HideSolutionNode = FALSE
	EndGlobalSection
	GlobalSection(ProjectConfigurationPlatforms) = postSolution
		{6EAA5D16-9E9D-4928-988F-6D353D627515}.Debug|Any CPU.ActiveCfg = Debug|Any CPU
		{6EAA5D16-9E9D-4928-988F-6D353D627515}.Debug|Any CPU.Build.0 = Debug|Any CPU
		{6EAA5D16-9E9D-4928-988F-6D353D627515}.Release|Any CPU.ActiveCfg = Release|Any CPU
		{6EAA5D16-9E9D-4928-988F-6D353D627515}.Release|Any CPU.Build.0 = Release|Any CPU
		{EF1C5549-3FBB-47E2-A371-EDBCB1F9C85C}.Debug|Any CPU.ActiveCfg = Debug|Any CPU
		{EF1C5549-3FBB-47E2-A371-EDBCB1F9C85C}.Debug|Any CPU.Build.0 = Debug|Any CPU
		{EF1C5549-3FBB-47E2-A371-EDBCB1F9C85C}.Release|Any CPU.ActiveCfg = Release|Any CPU
		{EF1C5549-3FBB-47E2-A371-EDBCB1F9C85C}.Release|Any CPU.Build.0 = Release|Any CPU
	EndGlobalSection
	GlobalSection(NestedProjects) = preSolution
		{6EAA5D16-9E9D-4928-988F-6D353D627515} = {0B9FF8D0-AF47-4795-99AC-42B904AFBD07}
		{EF1C5549-3FBB-47E2-A371-EDBCB1F9C85C} = {554816A0-C1B7-4D0E-9DBB-56E5BEC854E1}
	EndGlobalSection
EndGlobal
