
Microsoft Visual Studio Solution File, Format Version 12.00
# Visual Studio Version 17
VisualStudioVersion = 17.0.31903.59
MinimumVisualStudioVersion = 10.0.40219.1
Project("{2150E333-8FDC-42A3-9474-1A3956D46DE8}") = "test", "test", "{0B9FF8D0-AF47-4795-99AC-42B904AFBD07}"
EndProject
Project("{2150E333-8FDC-42A3-9474-1A3956D46DE8}") = "src", "src", "{554816A0-C1B7-4D0E-9DBB-56E5BEC854E1}"
EndProject
Project("{FAE04EC0-301F-11D3-BF4B-00C04F79EFBC}") = "Chirp.Core", "src\Chirp.Core\Chirp.Core.csproj", "{5DF1FF93-86EC-4B64-8777-5320C5772FAF}"
EndProject
Project("{FAE04EC0-301F-11D3-BF4B-00C04F79EFBC}") = "Chirp.Infrastructure", "src\Chirp.Infrastructure\Chirp.Infrastructure.csproj", "{073692DC-4641-4EB2-AB82-2253C65FBA65}"
EndProject
Project("{FAE04EC0-301F-11D3-BF4B-00C04F79EFBC}") = "Chirp.Web", "src\Chirp.Web\Chirp.Web.csproj", "{95A07CF3-E2CC-4D9F-B707-8CA49D962B9B}"
EndProject
Project("{FAE04EC0-301F-11D3-BF4B-00C04F79EFBC}") = "Chirp.Infrastructure.Tests", "test\Chirp.Infrastructure.Tests\Chirp.Infrastructure.Tests.csproj", "{F54E866A-6A8F-458A-94B5-7C7D239C100B}"
EndProject
Global
	GlobalSection(SolutionConfigurationPlatforms) = preSolution
		Debug|Any CPU = Debug|Any CPU
		Release|Any CPU = Release|Any CPU
	EndGlobalSection
	GlobalSection(SolutionProperties) = preSolution
		HideSolutionNode = FALSE
	EndGlobalSection
	GlobalSection(ProjectConfigurationPlatforms) = postSolution
		{5DF1FF93-86EC-4B64-8777-5320C5772FAF}.Debug|Any CPU.ActiveCfg = Debug|Any CPU
		{5DF1FF93-86EC-4B64-8777-5320C5772FAF}.Debug|Any CPU.Build.0 = Debug|Any CPU
		{5DF1FF93-86EC-4B64-8777-5320C5772FAF}.Release|Any CPU.ActiveCfg = Release|Any CPU
		{5DF1FF93-86EC-4B64-8777-5320C5772FAF}.Release|Any CPU.Build.0 = Release|Any CPU
		{073692DC-4641-4EB2-AB82-2253C65FBA65}.Debug|Any CPU.ActiveCfg = Debug|Any CPU
		{073692DC-4641-4EB2-AB82-2253C65FBA65}.Debug|Any CPU.Build.0 = Debug|Any CPU
		{073692DC-4641-4EB2-AB82-2253C65FBA65}.Release|Any CPU.ActiveCfg = Release|Any CPU
		{073692DC-4641-4EB2-AB82-2253C65FBA65}.Release|Any CPU.Build.0 = Release|Any CPU
		{95A07CF3-E2CC-4D9F-B707-8CA49D962B9B}.Debug|Any CPU.ActiveCfg = Debug|Any CPU
		{95A07CF3-E2CC-4D9F-B707-8CA49D962B9B}.Debug|Any CPU.Build.0 = Debug|Any CPU
		{95A07CF3-E2CC-4D9F-B707-8CA49D962B9B}.Release|Any CPU.ActiveCfg = Release|Any CPU
		{95A07CF3-E2CC-4D9F-B707-8CA49D962B9B}.Release|Any CPU.Build.0 = Release|Any CPU
		{F54E866A-6A8F-458A-94B5-7C7D239C100B}.Debug|Any CPU.ActiveCfg = Debug|Any CPU
		{F54E866A-6A8F-458A-94B5-7C7D239C100B}.Debug|Any CPU.Build.0 = Debug|Any CPU
		{F54E866A-6A8F-458A-94B5-7C7D239C100B}.Release|Any CPU.ActiveCfg = Release|Any CPU
		{F54E866A-6A8F-458A-94B5-7C7D239C100B}.Release|Any CPU.Build.0 = Release|Any CPU
	EndGlobalSection
	GlobalSection(NestedProjects) = preSolution
		{5DF1FF93-86EC-4B64-8777-5320C5772FAF} = {554816A0-C1B7-4D0E-9DBB-56E5BEC854E1}
		{073692DC-4641-4EB2-AB82-2253C65FBA65} = {554816A0-C1B7-4D0E-9DBB-56E5BEC854E1}
		{95A07CF3-E2CC-4D9F-B707-8CA49D962B9B} = {554816A0-C1B7-4D0E-9DBB-56E5BEC854E1}
		{F54E866A-6A8F-458A-94B5-7C7D239C100B} = {0B9FF8D0-AF47-4795-99AC-42B904AFBD07}
	EndGlobalSection
EndGlobal
